{
  "name": "hermod",
  "version": "1.0.0",
  "lockfileVersion": 1,
  "requires": true,
  "dependencies": {
    "deepspeech-model": {
      "version": "file:deepspeech-model"
    },
    "mongodb": {
      "version": "file:mongodb"
    },
    "mosquitto": {
      "version": "file:mosquitto"
    }
  }
}
